
Microsoft Visual Studio Solution File, Format Version 12.00
# Visual Studio 15
VisualStudioVersion = 15.0.25914.0
MinimumVisualStudioVersion = 10.0.40219.1
Project("{2150E333-8FDC-42A3-9474-1A3956D46DE8}") = ".nuget", ".nuget", "{C321FAC2-7CE4-4CC8-A3B5-965918597B68}"
	ProjectSection(SolutionItems) = preProject
		.nuget\packages.config = .nuget\packages.config
	EndProjectSection
EndProject
Project("{2150E333-8FDC-42A3-9474-1A3956D46DE8}") = ".node", ".node", "{20AADEBC-0727-4B0F-9468-CD63F8704CB3}"
EndProject
Project("{2150E333-8FDC-42A3-9474-1A3956D46DE8}") = "Solution Items", "Solution Items", "{482E1F4A-AAC1-4A17-9335-437C747DDBF2}"
	ProjectSection(SolutionItems) = preProject
		CopyLocal.bat = CopyLocal.bat
		DeadCode.ruleset = DeadCode.ruleset
	EndProjectSection
EndProject
Project("{FAE04EC0-301F-11D3-BF4B-00C04F79EFBC}") = "Not Really UnitTests", "UnitTests\Not Really UnitTests.csproj", "{BB6DD0B8-FBF6-4CDB-8894-1E4556140ECF}"
EndProject
Project("{FAE04EC0-301F-11D3-BF4B-00C04F79EFBC}") = "CustomTool", "Custom Tool\CustomTool.csproj", "{DAFB165B-E60A-47AE-AB3C-9F2DD455C46F}"
	ProjectSection(ProjectDependencies) = postProject
		{F7FFD763-3AE7-4DD2-B921-377DFF8B109B} = {F7FFD763-3AE7-4DD2-B921-377DFF8B109B}
	EndProjectSection
EndProject
Project("{FAE04EC0-301F-11D3-BF4B-00C04F79EFBC}") = "ToolRunner", "ToolRunner\ToolRunner.csproj", "{E4A8D920-DC4B-4660-9D73-4EEC50A5A9A9}"
EndProject
Project("{FAE04EC0-301F-11D3-BF4B-00C04F79EFBC}") = "STRunner", "STRunner\STRunner.csproj", "{F7FFD763-3AE7-4DD2-B921-377DFF8B109B}"
EndProject
Global
	GlobalSection(SolutionConfigurationPlatforms) = preSolution
		Debug|Any CPU = Debug|Any CPU
		Release|Any CPU = Release|Any CPU
	EndGlobalSection
	GlobalSection(ProjectConfigurationPlatforms) = postSolution
		{BB6DD0B8-FBF6-4CDB-8894-1E4556140ECF}.Debug|Any CPU.ActiveCfg = Debug|Any CPU
		{BB6DD0B8-FBF6-4CDB-8894-1E4556140ECF}.Debug|Any CPU.Build.0 = Debug|Any CPU
		{BB6DD0B8-FBF6-4CDB-8894-1E4556140ECF}.Release|Any CPU.ActiveCfg = Release|Any CPU
		{BB6DD0B8-FBF6-4CDB-8894-1E4556140ECF}.Release|Any CPU.Build.0 = Release|Any CPU
		{DAFB165B-E60A-47AE-AB3C-9F2DD455C46F}.Debug|Any CPU.ActiveCfg = Debug|Any CPU
		{DAFB165B-E60A-47AE-AB3C-9F2DD455C46F}.Debug|Any CPU.Build.0 = Debug|Any CPU
		{DAFB165B-E60A-47AE-AB3C-9F2DD455C46F}.Release|Any CPU.ActiveCfg = Release|Any CPU
		{DAFB165B-E60A-47AE-AB3C-9F2DD455C46F}.Release|Any CPU.Build.0 = Release|Any CPU
		{E4A8D920-DC4B-4660-9D73-4EEC50A5A9A9}.Debug|Any CPU.ActiveCfg = Debug|Any CPU
		{E4A8D920-DC4B-4660-9D73-4EEC50A5A9A9}.Debug|Any CPU.Build.0 = Debug|Any CPU
		{E4A8D920-DC4B-4660-9D73-4EEC50A5A9A9}.Release|Any CPU.ActiveCfg = Release|Any CPU
		{E4A8D920-DC4B-4660-9D73-4EEC50A5A9A9}.Release|Any CPU.Build.0 = Release|Any CPU
		{F7FFD763-3AE7-4DD2-B921-377DFF8B109B}.Debug|Any CPU.ActiveCfg = Debug|Any CPU
		{F7FFD763-3AE7-4DD2-B921-377DFF8B109B}.Debug|Any CPU.Build.0 = Debug|Any CPU
		{F7FFD763-3AE7-4DD2-B921-377DFF8B109B}.Release|Any CPU.ActiveCfg = Release|Any CPU
		{F7FFD763-3AE7-4DD2-B921-377DFF8B109B}.Release|Any CPU.Build.0 = Release|Any CPU
	EndGlobalSection
	GlobalSection(SolutionProperties) = preSolution
		HideSolutionNode = FALSE
	EndGlobalSection
EndGlobal
